
Microsoft Visual Studio Solution File, Format Version 12.00
# Visual Studio Version 17
VisualStudioVersion = 17.4.33213.308
MinimumVisualStudioVersion = 10.0.40219.1
Project("{9A19103F-16F7-4668-BE54-9A1E7A4F7556}") = "webAPI2", "webAPI2\webAPI2.csproj", "{DF834A58-23FE-483E-BB5E-3544851971D6}"
EndProject
Project("{9A19103F-16F7-4668-BE54-9A1E7A4F7556}") = "webAPI1", "webAPI1\webAPI1.csproj", "{3D16F088-D9D5-4CAD-A5D8-8328D664A58D}"
EndProject
Project("{E53339B2-1760-4266-BCC7-CA923CBCF16C}") = "docker-compose", "docker-compose.dcproj", "{86EC42BA-14CA-4C07-8C6F-835531A63649}"
EndProject
Global
	GlobalSection(SolutionConfigurationPlatforms) = preSolution
		Debug|Any CPU = Debug|Any CPU
		Release|Any CPU = Release|Any CPU
	EndGlobalSection
	GlobalSection(ProjectConfigurationPlatforms) = postSolution
		{DF834A58-23FE-483E-BB5E-3544851971D6}.Debug|Any CPU.ActiveCfg = Debug|Any CPU
		{DF834A58-23FE-483E-BB5E-3544851971D6}.Debug|Any CPU.Build.0 = Debug|Any CPU
		{DF834A58-23FE-483E-BB5E-3544851971D6}.Release|Any CPU.ActiveCfg = Release|Any CPU
		{DF834A58-23FE-483E-BB5E-3544851971D6}.Release|Any CPU.Build.0 = Release|Any CPU
		{3D16F088-D9D5-4CAD-A5D8-8328D664A58D}.Debug|Any CPU.ActiveCfg = Debug|Any CPU
		{3D16F088-D9D5-4CAD-A5D8-8328D664A58D}.Debug|Any CPU.Build.0 = Debug|Any CPU
		{3D16F088-D9D5-4CAD-A5D8-8328D664A58D}.Release|Any CPU.ActiveCfg = Release|Any CPU
		{3D16F088-D9D5-4CAD-A5D8-8328D664A58D}.Release|Any CPU.Build.0 = Release|Any CPU
		{86EC42BA-14CA-4C07-8C6F-835531A63649}.Debug|Any CPU.ActiveCfg = Debug|Any CPU
		{86EC42BA-14CA-4C07-8C6F-835531A63649}.Debug|Any CPU.Build.0 = Debug|Any CPU
		{86EC42BA-14CA-4C07-8C6F-835531A63649}.Release|Any CPU.ActiveCfg = Release|Any CPU
		{86EC42BA-14CA-4C07-8C6F-835531A63649}.Release|Any CPU.Build.0 = Release|Any CPU
	EndGlobalSection
	GlobalSection(SolutionProperties) = preSolution
		HideSolutionNode = FALSE
	EndGlobalSection
	GlobalSection(ExtensibilityGlobals) = postSolution
		SolutionGuid = {CE858B5F-9314-40B4-88EC-532BD03699E9}
	EndGlobalSection
EndGlobal
